
Microsoft Visual Studio Solution File, Format Version 12.00
# Visual Studio 15
VisualStudioVersion = 15.0.26730.16
MinimumVisualStudioVersion = 10.0.40219.1
Project("{FAE04EC0-301F-11D3-BF4B-00C04F79EFBC}") = "TraineeApp", "TraineeApp\TraineeApp.csproj", "{CE90B64D-09DE-429B-8B70-D444825E1ECD}"
EndProject
Global
	GlobalSection(SolutionConfigurationPlatforms) = preSolution
		Debug|Any CPU = Debug|Any CPU
		Release|Any CPU = Release|Any CPU
	EndGlobalSection
	GlobalSection(ProjectConfigurationPlatforms) = postSolution
		{CE90B64D-09DE-429B-8B70-D444825E1ECD}.Debug|Any CPU.ActiveCfg = Debug|Any CPU
		{CE90B64D-09DE-429B-8B70-D444825E1ECD}.Debug|Any CPU.Build.0 = Debug|Any CPU
		{CE90B64D-09DE-429B-8B70-D444825E1ECD}.Release|Any CPU.ActiveCfg = Release|Any CPU
		{CE90B64D-09DE-429B-8B70-D444825E1ECD}.Release|Any CPU.Build.0 = Release|Any CPU
	EndGlobalSection
	GlobalSection(SolutionProperties) = preSolution
		HideSolutionNode = FALSE
	EndGlobalSection
	GlobalSection(ExtensibilityGlobals) = postSolution
		SolutionGuid = {F1535FBB-B436-4620-BEB0-7F4390E81A30}
	EndGlobalSection
EndGlobal
