
Microsoft Visual Studio Solution File, Format Version 12.00
# Visual Studio 15
VisualStudioVersion = 15.0.26730.16
MinimumVisualStudioVersion = 10.0.40219.1
Project("{FAE04EC0-301F-11D3-BF4B-00C04F79EFBC}") = "Ado", "Ado\Ado.csproj", "{4E75B054-4658-4B49-AAE3-BF27D8758583}"
EndProject
Global
	GlobalSection(SolutionConfigurationPlatforms) = preSolution
		Debug|Any CPU = Debug|Any CPU
		Release|Any CPU = Release|Any CPU
	EndGlobalSection
	GlobalSection(ProjectConfigurationPlatforms) = postSolution
		{4E75B054-4658-4B49-AAE3-BF27D8758583}.Debug|Any CPU.ActiveCfg = Debug|Any CPU
		{4E75B054-4658-4B49-AAE3-BF27D8758583}.Debug|Any CPU.Build.0 = Debug|Any CPU
		{4E75B054-4658-4B49-AAE3-BF27D8758583}.Release|Any CPU.ActiveCfg = Release|Any CPU
		{4E75B054-4658-4B49-AAE3-BF27D8758583}.Release|Any CPU.Build.0 = Release|Any CPU
	EndGlobalSection
	GlobalSection(SolutionProperties) = preSolution
		HideSolutionNode = FALSE
	EndGlobalSection
	GlobalSection(ExtensibilityGlobals) = postSolution
		SolutionGuid = {7D3E0631-3B6D-4AB0-A3EE-16369F6887DF}
	EndGlobalSection
EndGlobal
